
Microsoft Visual Studio Solution File, Format Version 12.00
Project("{FAE04EC0-301F-11D3-BF4B-00C04F79EFBC}") = "DemoAutoUpdate", "DemoAutoUpdate\DemoAutoUpdate.csproj", "{4F88B5EB-713B-4ABF-9A66-956563B6DD2E}"
EndProject
Project("{FAE04EC0-301F-11D3-BF4B-00C04F79EFBC}") = "DemoAutoUpdateNet6", "DemoAutoUpdateNet6\DemoAutoUpdateNet6.csproj", "{0D827D11-C4ED-4E1F-BD40-EDB58D5D2545}"
EndProject
Project("{2150E333-8FDC-42A3-9474-1A3956D46DE8}") = "Solution Items", "Solution Items", "{9F6D04E3-FDB8-4479-BECD-DD805712D8FB}"
	ProjectSection(SolutionItems) = preProject
		docker-compose.yml = docker-compose.yml
	EndProjectSection
EndProject
Global
	GlobalSection(SolutionConfigurationPlatforms) = preSolution
		Debug|Any CPU = Debug|Any CPU
		Release|Any CPU = Release|Any CPU
	EndGlobalSection
	GlobalSection(ProjectConfigurationPlatforms) = postSolution
		{4F88B5EB-713B-4ABF-9A66-956563B6DD2E}.Debug|Any CPU.ActiveCfg = Debug|Any CPU
		{4F88B5EB-713B-4ABF-9A66-956563B6DD2E}.Debug|Any CPU.Build.0 = Debug|Any CPU
		{4F88B5EB-713B-4ABF-9A66-956563B6DD2E}.Release|Any CPU.ActiveCfg = Release|Any CPU
		{4F88B5EB-713B-4ABF-9A66-956563B6DD2E}.Release|Any CPU.Build.0 = Release|Any CPU
		{0D827D11-C4ED-4E1F-BD40-EDB58D5D2545}.Debug|Any CPU.ActiveCfg = Debug|Any CPU
		{0D827D11-C4ED-4E1F-BD40-EDB58D5D2545}.Debug|Any CPU.Build.0 = Debug|Any CPU
		{0D827D11-C4ED-4E1F-BD40-EDB58D5D2545}.Release|Any CPU.ActiveCfg = Release|Any CPU
		{0D827D11-C4ED-4E1F-BD40-EDB58D5D2545}.Release|Any CPU.Build.0 = Release|Any CPU
	EndGlobalSection
EndGlobal
